
Microsoft Visual Studio Solution File, Format Version 12.00
# Visual Studio 15
VisualStudioVersion = 15.0.28010.2041
MinimumVisualStudioVersion = 10.0.40219.1
Project("{FAE04EC0-301F-11D3-BF4B-00C04F79EFBC}") = "Sloppy_Bacon", "Sloppy-Bacon\Sloppy_Bacon.csproj", "{EC471AFF-04A8-4870-B907-271EC7E81BAC}"
EndProject
Project("{FAE04EC0-301F-11D3-BF4B-00C04F79EFBC}") = "SloppyTests", "SloppyTests\SloppyTests.csproj", "{2E3A8DB7-17B8-4046-BF96-74F5B23CA7C6}"
EndProject
Global
	GlobalSection(SolutionConfigurationPlatforms) = preSolution
		Debug|Any CPU = Debug|Any CPU
		Release|Any CPU = Release|Any CPU
	EndGlobalSection
	GlobalSection(ProjectConfigurationPlatforms) = postSolution
		{EC471AFF-04A8-4870-B907-271EC7E81BAC}.Debug|Any CPU.ActiveCfg = Debug|Any CPU
		{EC471AFF-04A8-4870-B907-271EC7E81BAC}.Debug|Any CPU.Build.0 = Debug|Any CPU
		{EC471AFF-04A8-4870-B907-271EC7E81BAC}.Release|Any CPU.ActiveCfg = Release|Any CPU
		{EC471AFF-04A8-4870-B907-271EC7E81BAC}.Release|Any CPU.Build.0 = Release|Any CPU
		{2E3A8DB7-17B8-4046-BF96-74F5B23CA7C6}.Debug|Any CPU.ActiveCfg = Debug|Any CPU
		{2E3A8DB7-17B8-4046-BF96-74F5B23CA7C6}.Debug|Any CPU.Build.0 = Debug|Any CPU
		{2E3A8DB7-17B8-4046-BF96-74F5B23CA7C6}.Release|Any CPU.ActiveCfg = Release|Any CPU
		{2E3A8DB7-17B8-4046-BF96-74F5B23CA7C6}.Release|Any CPU.Build.0 = Release|Any CPU
	EndGlobalSection
	GlobalSection(SolutionProperties) = preSolution
		HideSolutionNode = FALSE
	EndGlobalSection
	GlobalSection(ExtensibilityGlobals) = postSolution
		SolutionGuid = {30B90433-3BE6-4A2D-BF01-9CC8D8D3FAB5}
	EndGlobalSection
EndGlobal
